
Microsoft Visual Studio Solution File, Format Version 12.00
# Visual Studio Version 17
VisualStudioVersion = 17.4.33205.214
MinimumVisualStudioVersion = 10.0.40219.1
Project("{9A19103F-16F7-4668-BE54-9A1E7A4F7556}") = "MitarbeiterManagement_DatabaseFirst", "DatabaseFirst_Projekte_Mitarbeiter\MitarbeiterManagement_DatabaseFirst.csproj", "{0C216E95-3AE9-4AC0-B9B1-28E29E4703F0}"
EndProject
Global
	GlobalSection(SolutionConfigurationPlatforms) = preSolution
		Debug|Any CPU = Debug|Any CPU
		Release|Any CPU = Release|Any CPU
	EndGlobalSection
	GlobalSection(ProjectConfigurationPlatforms) = postSolution
		{0C216E95-3AE9-4AC0-B9B1-28E29E4703F0}.Debug|Any CPU.ActiveCfg = Debug|Any CPU
		{0C216E95-3AE9-4AC0-B9B1-28E29E4703F0}.Debug|Any CPU.Build.0 = Debug|Any CPU
		{0C216E95-3AE9-4AC0-B9B1-28E29E4703F0}.Release|Any CPU.ActiveCfg = Release|Any CPU
		{0C216E95-3AE9-4AC0-B9B1-28E29E4703F0}.Release|Any CPU.Build.0 = Release|Any CPU
	EndGlobalSection
	GlobalSection(SolutionProperties) = preSolution
		HideSolutionNode = FALSE
	EndGlobalSection
	GlobalSection(ExtensibilityGlobals) = postSolution
		SolutionGuid = {0CC7DD4B-00D4-4D0F-BBA3-37C79E79F4BE}
	EndGlobalSection
EndGlobal
